
Microsoft Visual Studio Solution File, Format Version 12.00
# Visual Studio Version 17
VisualStudioVersion = 17.5.33516.290
MinimumVisualStudioVersion = 10.0.40219.1
Project("{FAE04EC0-301F-11D3-BF4B-00C04F79EFBC}") = "Composite Pattern", "Composite Pattern\Composite Pattern.csproj", "{A39656E6-56A8-4803-BA66-10D674074F0D}"
EndProject
Global
	GlobalSection(SolutionConfigurationPlatforms) = preSolution
		Debug|Any CPU = Debug|Any CPU
		Release|Any CPU = Release|Any CPU
	EndGlobalSection
	GlobalSection(ProjectConfigurationPlatforms) = postSolution
		{A39656E6-56A8-4803-BA66-10D674074F0D}.Debug|Any CPU.ActiveCfg = Debug|Any CPU
		{A39656E6-56A8-4803-BA66-10D674074F0D}.Debug|Any CPU.Build.0 = Debug|Any CPU
		{A39656E6-56A8-4803-BA66-10D674074F0D}.Release|Any CPU.ActiveCfg = Release|Any CPU
		{A39656E6-56A8-4803-BA66-10D674074F0D}.Release|Any CPU.Build.0 = Release|Any CPU
	EndGlobalSection
	GlobalSection(SolutionProperties) = preSolution
		HideSolutionNode = FALSE
	EndGlobalSection
	GlobalSection(ExtensibilityGlobals) = postSolution
		SolutionGuid = {93016B0F-7EE7-4124-BB3A-3F3CF2D961E2}
	EndGlobalSection
EndGlobal
