
Microsoft Visual Studio Solution File, Format Version 12.00
# Visual Studio Version 17
VisualStudioVersion = 17.5.33516.290
MinimumVisualStudioVersion = 10.0.40219.1
Project("{FAE04EC0-301F-11D3-BF4B-00C04F79EFBC}") = "MementoDP", "MementoDP\MementoDP.csproj", "{925B1BF6-E43A-40C9-B3A4-0D3F2B9B7CF1}"
EndProject
Global
	GlobalSection(SolutionConfigurationPlatforms) = preSolution
		Debug|Any CPU = Debug|Any CPU
		Release|Any CPU = Release|Any CPU
	EndGlobalSection
	GlobalSection(ProjectConfigurationPlatforms) = postSolution
		{925B1BF6-E43A-40C9-B3A4-0D3F2B9B7CF1}.Debug|Any CPU.ActiveCfg = Debug|Any CPU
		{925B1BF6-E43A-40C9-B3A4-0D3F2B9B7CF1}.Debug|Any CPU.Build.0 = Debug|Any CPU
		{925B1BF6-E43A-40C9-B3A4-0D3F2B9B7CF1}.Release|Any CPU.ActiveCfg = Release|Any CPU
		{925B1BF6-E43A-40C9-B3A4-0D3F2B9B7CF1}.Release|Any CPU.Build.0 = Release|Any CPU
	EndGlobalSection
	GlobalSection(SolutionProperties) = preSolution
		HideSolutionNode = FALSE
	EndGlobalSection
	GlobalSection(ExtensibilityGlobals) = postSolution
		SolutionGuid = {B35F4F31-B3F1-4A16-B35B-201A30D9B2F8}
	EndGlobalSection
EndGlobal
